
Microsoft Visual Studio Solution File, Format Version 12.00
# Visual Studio Version 16
VisualStudioVersion = 16.0.30907.101
MinimumVisualStudioVersion = 10.0.40219.1
Project("{FAE04EC0-301F-11D3-BF4B-00C04F79EFBC}") = "CustomList", "CustomList\CustomList.csproj", "{3FB25F8A-2033-4EF9-AC06-92A6D92EDBB4}"
EndProject
Project("{FAE04EC0-301F-11D3-BF4B-00C04F79EFBC}") = "CustomListTest", "CustomListTest\CustomListTest.csproj", "{23F80499-6292-4985-8674-A927773AFE09}"
EndProject
Global
	GlobalSection(SolutionConfigurationPlatforms) = preSolution
		Debug|Any CPU = Debug|Any CPU
		Release|Any CPU = Release|Any CPU
	EndGlobalSection
	GlobalSection(ProjectConfigurationPlatforms) = postSolution
		{3FB25F8A-2033-4EF9-AC06-92A6D92EDBB4}.Debug|Any CPU.ActiveCfg = Debug|Any CPU
		{3FB25F8A-2033-4EF9-AC06-92A6D92EDBB4}.Debug|Any CPU.Build.0 = Debug|Any CPU
		{3FB25F8A-2033-4EF9-AC06-92A6D92EDBB4}.Release|Any CPU.ActiveCfg = Release|Any CPU
		{3FB25F8A-2033-4EF9-AC06-92A6D92EDBB4}.Release|Any CPU.Build.0 = Release|Any CPU
		{23F80499-6292-4985-8674-A927773AFE09}.Debug|Any CPU.ActiveCfg = Debug|Any CPU
		{23F80499-6292-4985-8674-A927773AFE09}.Debug|Any CPU.Build.0 = Debug|Any CPU
		{23F80499-6292-4985-8674-A927773AFE09}.Release|Any CPU.ActiveCfg = Release|Any CPU
		{23F80499-6292-4985-8674-A927773AFE09}.Release|Any CPU.Build.0 = Release|Any CPU
	EndGlobalSection
	GlobalSection(SolutionProperties) = preSolution
		HideSolutionNode = FALSE
	EndGlobalSection
	GlobalSection(ExtensibilityGlobals) = postSolution
		SolutionGuid = {AE82ADBE-CA54-4C02-8EBC-12BE86F28152}
	EndGlobalSection
EndGlobal
